// !$*UTF8*$!
{
	archiveVersion = 1;
	classes = {
	};
	objectVersion = 51;
	objects = {

/* Begin PBXBuildFile section */
		005A7C99808AED1496597AE2 /* Pods_RandomRecipeTests.framework in Frameworks */ = {isa = PBXBuildFile; fileRef = 9F939B86D0D5A7FF9B85924F /* Pods_RandomRecipeTests.framework */; };
		565D67E42263BEA60046D326 /* AppDelegate.swift in Sources */ = {isa = PBXBuildFile; fileRef = 565D67E32263BEA60046D326 /* AppDelegate.swift */; };
		565D67E62263BEA60046D326 /* ViewController.swift in Sources */ = {isa = PBXBuildFile; fileRef = 565D67E52263BEA60046D326 /* ViewController.swift */; };
		565D67E92263BEA60046D326 /* Main.storyboard in Resources */ = {isa = PBXBuildFile; fileRef = 565D67E72263BEA60046D326 /* Main.storyboard */; };
		565D67EB2263BEA70046D326 /* Assets.xcassets in Resources */ = {isa = PBXBuildFile; fileRef = 565D67EA2263BEA70046D326 /* Assets.xcassets */; };
		565D67EE2263BEA70046D326 /* LaunchScreen.storyboard in Resources */ = {isa = PBXBuildFile; fileRef = 565D67EC2263BEA70046D326 /* LaunchScreen.storyboard */; };
		565D67F92263BEA70046D326 /* RandomRecipeTests.swift in Sources */ = {isa = PBXBuildFile; fileRef = 565D67F82263BEA70046D326 /* RandomRecipeTests.swift */; };
		565D68042263BF850046D326 /* Recipe.swift in Sources */ = {isa = PBXBuildFile; fileRef = 565D68032263BF850046D326 /* Recipe.swift */; };
		565D68062263C7430046D326 /* SwiftyJSON.swift in Sources */ = {isa = PBXBuildFile; fileRef = 565D68052263C7430046D326 /* SwiftyJSON.swift */; };
		565D68102263D0890046D326 /* Merriweather-BoldItalic.ttf in Resources */ = {isa = PBXBuildFile; fileRef = 565D68082263D0890046D326 /* Merriweather-BoldItalic.ttf */; };
		565D68112263D0890046D326 /* Merriweather-BlackItalic.ttf in Resources */ = {isa = PBXBuildFile; fileRef = 565D68092263D0890046D326 /* Merriweather-BlackItalic.ttf */; };
		565D68122263D0890046D326 /* Merriweather-Bold.ttf in Resources */ = {isa = PBXBuildFile; fileRef = 565D680A2263D0890046D326 /* Merriweather-Bold.ttf */; };
		565D68132263D0890046D326 /* Merriweather-Regular.ttf in Resources */ = {isa = PBXBuildFile; fileRef = 565D680B2263D0890046D326 /* Merriweather-Regular.ttf */; };
		565D68142263D0890046D326 /* Merriweather-Light.ttf in Resources */ = {isa = PBXBuildFile; fileRef = 565D680C2263D0890046D326 /* Merriweather-Light.ttf */; };
		565D68152263D0890046D326 /* Merriweather-Italic.ttf in Resources */ = {isa = PBXBuildFile; fileRef = 565D680D2263D0890046D326 /* Merriweather-Italic.ttf */; };
		565D68162263D0890046D326 /* Merriweather-Black.ttf in Resources */ = {isa = PBXBuildFile; fileRef = 565D680E2263D0890046D326 /* Merriweather-Black.ttf */; };
		565D68172263D0890046D326 /* Merriweather-LightItalic.ttf in Resources */ = {isa = PBXBuildFile; fileRef = 565D680F2263D0890046D326 /* Merriweather-LightItalic.ttf */; };
		565D681F2263DFF50046D326 /* Extensions.swift in Sources */ = {isa = PBXBuildFile; fileRef = 565D681E2263DFF40046D326 /* Extensions.swift */; };
		565D68232263EAD60046D326 /* Category.swift in Sources */ = {isa = PBXBuildFile; fileRef = 565D68222263EAD60046D326 /* Category.swift */; };
		565D684422640B470046D326 /* FontAwesome5_Regular.ttf in Resources */ = {isa = PBXBuildFile; fileRef = 565D684122640B460046D326 /* FontAwesome5_Regular.ttf */; };
		565D684522640B470046D326 /* FontAwesome5_Brands.ttf in Resources */ = {isa = PBXBuildFile; fileRef = 565D684222640B460046D326 /* FontAwesome5_Brands.ttf */; };
		565D684622640B470046D326 /* FontAwesome5_Solid.ttf in Resources */ = {isa = PBXBuildFile; fileRef = 565D684322640B460046D326 /* FontAwesome5_Solid.ttf */; };
		565D6849226413360046D326 /* RecipesController.swift in Sources */ = {isa = PBXBuildFile; fileRef = 565D6848226413360046D326 /* RecipesController.swift */; };
		565D684B226428EE0046D326 /* UIImageColors.swift in Sources */ = {isa = PBXBuildFile; fileRef = 565D684A226428EE0046D326 /* UIImageColors.swift */; };
		565D684D2264CF7E0046D326 /* CategoriesCollectionController.swift in Sources */ = {isa = PBXBuildFile; fileRef = 565D684C2264CF7E0046D326 /* CategoriesCollectionController.swift */; };
		565D68582264D52C0046D326 /* ShadowView+BlurProcess.swift in Sources */ = {isa = PBXBuildFile; fileRef = 565D684F2264D52C0046D326 /* ShadowView+BlurProcess.swift */; };
		565D68592264D52C0046D326 /* UIView+Image.swift in Sources */ = {isa = PBXBuildFile; fileRef = 565D68502264D52C0046D326 /* UIView+Image.swift */; };
		565D685A2264D52C0046D326 /* UIImage+Size.swift in Sources */ = {isa = PBXBuildFile; fileRef = 565D68512264D52C0046D326 /* UIImage+Size.swift */; };
		565D685B2264D52C0046D326 /* ShadowView.podspec in Resources */ = {isa = PBXBuildFile; fileRef = 565D68532264D52C0046D326 /* ShadowView.podspec */; };
		565D685C2264D52C0046D326 /* ShadowView.swift in Sources */ = {isa = PBXBuildFile; fileRef = 565D68542264D52C0046D326 /* ShadowView.swift */; };
		565D685D2264D52C0046D326 /* UIImageEffects.swift in Sources */ = {isa = PBXBuildFile; fileRef = 565D68552264D52C0046D326 /* UIImageEffects.swift */; };
		565D685E2264D52C0046D326 /* UIView+Shadow.swift in Sources */ = {isa = PBXBuildFile; fileRef = 565D68562264D52C0046D326 /* UIView+Shadow.swift */; };
		CD1CDFDAF55C76FF6797D358 /* Pods_RandomRecipe.framework in Frameworks */ = {isa = PBXBuildFile; fileRef = 40C78C41D0D9F2B759F29B28 /* Pods_RandomRecipe.framework */; };
/* End PBXBuildFile section */

/* Begin PBXContainerItemProxy section */
		565D67F52263BEA70046D326 /* PBXContainerItemProxy */ = {
			isa = PBXContainerItemProxy;
			containerPortal = 565D67D82263BEA60046D326 /* Project object */;
			proxyType = 1;
			remoteGlobalIDString = 565D67DF2263BEA60046D326;
			remoteInfo = RandomRecipe;
		};
/* End PBXContainerItemProxy section */

/* Begin PBXFileReference section */
		37AEAF50290E810E4CFB5709 /* Pods-RandomRecipeTests.release.xcconfig */ = {isa = PBXFileReference; includeInIndex = 1; lastKnownFileType = text.xcconfig; name = "Pods-RandomRecipeTests.release.xcconfig"; path = "Pods/Target Support Files/Pods-RandomRecipeTests/Pods-RandomRecipeTests.release.xcconfig"; sourceTree = "<group>"; };
		40C78C41D0D9F2B759F29B28 /* Pods_RandomRecipe.framework */ = {isa = PBXFileReference; explicitFileType = wrapper.framework; includeInIndex = 0; path = Pods_RandomRecipe.framework; sourceTree = BUILT_PRODUCTS_DIR; };
		56054BC92265529200EBD82A /* SDWebImage.framework */ = {isa = PBXFileReference; lastKnownFileType = wrapper.framework; name = SDWebImage.framework; path = RandomRecipe/SDWebImage/Products/Library/Frameworks/SDWebImage.framework; sourceTree = "<group>"; };
		56054BCB2265579A00EBD82A /* libSDWebImage.a */ = {isa = PBXFileReference; lastKnownFileType = archive.ar; name = libSDWebImage.a; path = "RandomRecipe/SDWebImage static/Products/usr/local/lib/libSDWebImage.a"; sourceTree = "<group>"; };
		565D67E02263BEA60046D326 /* RandomRecipe.app */ = {isa = PBXFileReference; explicitFileType = wrapper.application; includeInIndex = 0; path = RandomRecipe.app; sourceTree = BUILT_PRODUCTS_DIR; };
		565D67E32263BEA60046D326 /* AppDelegate.swift */ = {isa = PBXFileReference; lastKnownFileType = sourcecode.swift; path = AppDelegate.swift; sourceTree = "<group>"; };
		565D67E52263BEA60046D326 /* ViewController.swift */ = {isa = PBXFileReference; lastKnownFileType = sourcecode.swift; path = ViewController.swift; sourceTree = "<group>"; };
		565D67E82263BEA60046D326 /* Base */ = {isa = PBXFileReference; lastKnownFileType = file.storyboard; name = Base; path = Base.lproj/Main.storyboard; sourceTree = "<group>"; };
		565D67EA2263BEA70046D326 /* Assets.xcassets */ = {isa = PBXFileReference; lastKnownFileType = folder.assetcatalog; path = Assets.xcassets; sourceTree = "<group>"; };
		565D67ED2263BEA70046D326 /* Base */ = {isa = PBXFileReference; lastKnownFileType = file.storyboard; name = Base; path = Base.lproj/LaunchScreen.storyboard; sourceTree = "<group>"; };
		565D67EF2263BEA70046D326 /* Info.plist */ = {isa = PBXFileReference; lastKnownFileType = text.plist.xml; path = Info.plist; sourceTree = "<group>"; };
		565D67F42263BEA70046D326 /* RandomRecipeTests.xctest */ = {isa = PBXFileReference; explicitFileType = wrapper.cfbundle; includeInIndex = 0; path = RandomRecipeTests.xctest; sourceTree = BUILT_PRODUCTS_DIR; };
		565D67F82263BEA70046D326 /* RandomRecipeTests.swift */ = {isa = PBXFileReference; lastKnownFileType = sourcecode.swift; path = RandomRecipeTests.swift; sourceTree = "<group>"; };
		565D67FA2263BEA70046D326 /* Info.plist */ = {isa = PBXFileReference; lastKnownFileType = text.plist.xml; path = Info.plist; sourceTree = "<group>"; };
		565D68032263BF850046D326 /* Recipe.swift */ = {isa = PBXFileReference; lastKnownFileType = sourcecode.swift; path = Recipe.swift; sourceTree = "<group>"; };
		565D68052263C7430046D326 /* SwiftyJSON.swift */ = {isa = PBXFileReference; lastKnownFileType = sourcecode.swift; path = SwiftyJSON.swift; sourceTree = "<group>"; };
		565D68082263D0890046D326 /* Merriweather-BoldItalic.ttf */ = {isa = PBXFileReference; lastKnownFileType = file; path = "Merriweather-BoldItalic.ttf"; sourceTree = "<group>"; };
		565D68092263D0890046D326 /* Merriweather-BlackItalic.ttf */ = {isa = PBXFileReference; lastKnownFileType = file; path = "Merriweather-BlackItalic.ttf"; sourceTree = "<group>"; };
		565D680A2263D0890046D326 /* Merriweather-Bold.ttf */ = {isa = PBXFileReference; lastKnownFileType = file; path = "Merriweather-Bold.ttf"; sourceTree = "<group>"; };
		565D680B2263D0890046D326 /* Merriweather-Regular.ttf */ = {isa = PBXFileReference; lastKnownFileType = file; path = "Merriweather-Regular.ttf"; sourceTree = "<group>"; };
		565D680C2263D0890046D326 /* Merriweather-Light.ttf */ = {isa = PBXFileReference; lastKnownFileType = file; path = "Merriweather-Light.ttf"; sourceTree = "<group>"; };
		565D680D2263D0890046D326 /* Merriweather-Italic.ttf */ = {isa = PBXFileReference; lastKnownFileType = file; path = "Merriweather-Italic.ttf"; sourceTree = "<group>"; };
		565D680E2263D0890046D326 /* Merriweather-Black.ttf */ = {isa = PBXFileReference; lastKnownFileType = file; path = "Merriweather-Black.ttf"; sourceTree = "<group>"; };
		565D680F2263D0890046D326 /* Merriweather-LightItalic.ttf */ = {isa = PBXFileReference; lastKnownFileType = file; path = "Merriweather-LightItalic.ttf"; sourceTree = "<group>"; };
		565D681E2263DFF40046D326 /* Extensions.swift */ = {isa = PBXFileReference; lastKnownFileType = sourcecode.swift; path = Extensions.swift; sourceTree = "<group>"; };
		565D68222263EAD60046D326 /* Category.swift */ = {isa = PBXFileReference; lastKnownFileType = sourcecode.swift; path = Category.swift; sourceTree = "<group>"; };
		565D684122640B460046D326 /* FontAwesome5_Regular.ttf */ = {isa = PBXFileReference; lastKnownFileType = file; path = FontAwesome5_Regular.ttf; sourceTree = "<group>"; };
		565D684222640B460046D326 /* FontAwesome5_Brands.ttf */ = {isa = PBXFileReference; lastKnownFileType = file; path = FontAwesome5_Brands.ttf; sourceTree = "<group>"; };
		565D684322640B460046D326 /* FontAwesome5_Solid.ttf */ = {isa = PBXFileReference; lastKnownFileType = file; path = FontAwesome5_Solid.ttf; sourceTree = "<group>"; };
		565D6848226413360046D326 /* RecipesController.swift */ = {isa = PBXFileReference; lastKnownFileType = sourcecode.swift; path = RecipesController.swift; sourceTree = "<group>"; };
		565D684A226428EE0046D326 /* UIImageColors.swift */ = {isa = PBXFileReference; lastKnownFileType = sourcecode.swift; path = UIImageColors.swift; sourceTree = "<group>"; };
		565D684C2264CF7E0046D326 /* CategoriesCollectionController.swift */ = {isa = PBXFileReference; lastKnownFileType = sourcecode.swift; path = CategoriesCollectionController.swift; sourceTree = "<group>"; };
		565D684F2264D52C0046D326 /* ShadowView+BlurProcess.swift */ = {isa = PBXFileReference; fileEncoding = 4; lastKnownFileType = sourcecode.swift; path = "ShadowView+BlurProcess.swift"; sourceTree = "<group>"; };
		565D68502264D52C0046D326 /* UIView+Image.swift */ = {isa = PBXFileReference; fileEncoding = 4; lastKnownFileType = sourcecode.swift; path = "UIView+Image.swift"; sourceTree = "<group>"; };
		565D68512264D52C0046D326 /* UIImage+Size.swift */ = {isa = PBXFileReference; fileEncoding = 4; lastKnownFileType = sourcecode.swift; path = "UIImage+Size.swift"; sourceTree = "<group>"; };
		565D68532264D52C0046D326 /* ShadowView.podspec */ = {isa = PBXFileReference; fileEncoding = 4; lastKnownFileType = text; path = ShadowView.podspec; sourceTree = "<group>"; };
		565D68542264D52C0046D326 /* ShadowView.swift */ = {isa = PBXFileReference; fileEncoding = 4; lastKnownFileType = sourcecode.swift; path = ShadowView.swift; sourceTree = "<group>"; };
		565D68552264D52C0046D326 /* UIImageEffects.swift */ = {isa = PBXFileReference; fileEncoding = 4; lastKnownFileType = sourcecode.swift; path = UIImageEffects.swift; sourceTree = "<group>"; };
		565D68562264D52C0046D326 /* UIView+Shadow.swift */ = {isa = PBXFileReference; fileEncoding = 4; lastKnownFileType = sourcecode.swift; path = "UIView+Shadow.swift"; sourceTree = "<group>"; };
		98517006414D05397BF345C6 /* Pods-RandomRecipeTests.debug.xcconfig */ = {isa = PBXFileReference; includeInIndex = 1; lastKnownFileType = text.xcconfig; name = "Pods-RandomRecipeTests.debug.xcconfig"; path = "Pods/Target Support Files/Pods-RandomRecipeTests/Pods-RandomRecipeTests.debug.xcconfig"; sourceTree = "<group>"; };
		9F939B86D0D5A7FF9B85924F /* Pods_RandomRecipeTests.framework */ = {isa = PBXFileReference; explicitFileType = wrapper.framework; includeInIndex = 0; path = Pods_RandomRecipeTests.framework; sourceTree = BUILT_PRODUCTS_DIR; };
		B7BF9203FCF20D50770D85F1 /* Pods-RandomRecipe.release.xcconfig */ = {isa = PBXFileReference; includeInIndex = 1; lastKnownFileType = text.xcconfig; name = "Pods-RandomRecipe.release.xcconfig"; path = "Pods/Target Support Files/Pods-RandomRecipe/Pods-RandomRecipe.release.xcconfig"; sourceTree = "<group>"; };
		CBBEFDD99F9958408142C274 /* Pods-RandomRecipe.debug.xcconfig */ = {isa = PBXFileReference; includeInIndex = 1; lastKnownFileType = text.xcconfig; name = "Pods-RandomRecipe.debug.xcconfig"; path = "Pods/Target Support Files/Pods-RandomRecipe/Pods-RandomRecipe.debug.xcconfig"; sourceTree = "<group>"; };
/* End PBXFileReference section */

/* Begin PBXFrameworksBuildPhase section */
		565D67DD2263BEA60046D326 /* Frameworks */ = {
			isa = PBXFrameworksBuildPhase;
			buildActionMask = 2147483647;
			files = (
				CD1CDFDAF55C76FF6797D358 /* Pods_RandomRecipe.framework in Frameworks */,
			);
			runOnlyForDeploymentPostprocessing = 0;
		};
		565D67F12263BEA70046D326 /* Frameworks */ = {
			isa = PBXFrameworksBuildPhase;
			buildActionMask = 2147483647;
			files = (
				005A7C99808AED1496597AE2 /* Pods_RandomRecipeTests.framework in Frameworks */,
			);
			runOnlyForDeploymentPostprocessing = 0;
		};
/* End PBXFrameworksBuildPhase section */

/* Begin PBXGroup section */
		47E74F40BFD12FA759EBA35F /* Pods */ = {
			isa = PBXGroup;
			children = (
				CBBEFDD99F9958408142C274 /* Pods-RandomRecipe.debug.xcconfig */,
				B7BF9203FCF20D50770D85F1 /* Pods-RandomRecipe.release.xcconfig */,
				98517006414D05397BF345C6 /* Pods-RandomRecipeTests.debug.xcconfig */,
				37AEAF50290E810E4CFB5709 /* Pods-RandomRecipeTests.release.xcconfig */,
			);
			name = Pods;
			sourceTree = "<group>";
		};
		56054BC82265529200EBD82A /* Frameworks */ = {
			isa = PBXGroup;
			children = (
				56054BCB2265579A00EBD82A /* libSDWebImage.a */,
				56054BC92265529200EBD82A /* SDWebImage.framework */,
				40C78C41D0D9F2B759F29B28 /* Pods_RandomRecipe.framework */,
				9F939B86D0D5A7FF9B85924F /* Pods_RandomRecipeTests.framework */,
			);
			name = Frameworks;
			sourceTree = "<group>";
		};
		565D67D72263BEA60046D326 = {
			isa = PBXGroup;
			children = (
				565D67E22263BEA60046D326 /* RandomRecipe */,
				565D67F72263BEA70046D326 /* RandomRecipeTests */,
				565D67E12263BEA60046D326 /* Products */,
				56054BC82265529200EBD82A /* Frameworks */,
				47E74F40BFD12FA759EBA35F /* Pods */,
			);
			sourceTree = "<group>";
		};
		565D67E12263BEA60046D326 /* Products */ = {
			isa = PBXGroup;
			children = (
				565D67E02263BEA60046D326 /* RandomRecipe.app */,
				565D67F42263BEA70046D326 /* RandomRecipeTests.xctest */,
			);
			name = Products;
			sourceTree = "<group>";
		};
		565D67E22263BEA60046D326 /* RandomRecipe */ = {
			isa = PBXGroup;
			children = (
				565D68072263D06F0046D326 /* Fonts */,
				565D6847226412220046D326 /* Resources */,
				565D67E32263BEA60046D326 /* AppDelegate.swift */,
				565D67E52263BEA60046D326 /* ViewController.swift */,
				565D6848226413360046D326 /* RecipesController.swift */,
				565D684C2264CF7E0046D326 /* CategoriesCollectionController.swift */,
				565D67E72263BEA60046D326 /* Main.storyboard */,
				565D67EA2263BEA70046D326 /* Assets.xcassets */,
				565D67EC2263BEA70046D326 /* LaunchScreen.storyboard */,
				565D67EF2263BEA70046D326 /* Info.plist */,
				565D68052263C7430046D326 /* SwiftyJSON.swift */,
			);
			path = RandomRecipe;
			sourceTree = "<group>";
		};
		565D67F72263BEA70046D326 /* RandomRecipeTests */ = {
			isa = PBXGroup;
			children = (
				565D67F82263BEA70046D326 /* RandomRecipeTests.swift */,
				565D67FA2263BEA70046D326 /* Info.plist */,
			);
			path = RandomRecipeTests;
			sourceTree = "<group>";
		};
		565D68072263D06F0046D326 /* Fonts */ = {
			isa = PBXGroup;
			children = (
				565D684222640B460046D326 /* FontAwesome5_Brands.ttf */,
				565D684122640B460046D326 /* FontAwesome5_Regular.ttf */,
				565D684322640B460046D326 /* FontAwesome5_Solid.ttf */,
				565D680E2263D0890046D326 /* Merriweather-Black.ttf */,
				565D68092263D0890046D326 /* Merriweather-BlackItalic.ttf */,
				565D680A2263D0890046D326 /* Merriweather-Bold.ttf */,
				565D68082263D0890046D326 /* Merriweather-BoldItalic.ttf */,
				565D680D2263D0890046D326 /* Merriweather-Italic.ttf */,
				565D680C2263D0890046D326 /* Merriweather-Light.ttf */,
				565D680F2263D0890046D326 /* Merriweather-LightItalic.ttf */,
				565D680B2263D0890046D326 /* Merriweather-Regular.ttf */,
			);
			path = Fonts;
			sourceTree = "<group>";
		};
		565D6847226412220046D326 /* Resources */ = {
			isa = PBXGroup;
			children = (
				565D684E2264D52C0046D326 /* ShadowView */,
				565D684A226428EE0046D326 /* UIImageColors.swift */,
				565D681E2263DFF40046D326 /* Extensions.swift */,
				565D68032263BF850046D326 /* Recipe.swift */,
				565D68222263EAD60046D326 /* Category.swift */,
			);
			path = Resources;
			sourceTree = "<group>";
		};
		565D684E2264D52C0046D326 /* ShadowView */ = {
			isa = PBXGroup;
			children = (
				565D684F2264D52C0046D326 /* ShadowView+BlurProcess.swift */,
				565D68502264D52C0046D326 /* UIView+Image.swift */,
				565D68512264D52C0046D326 /* UIImage+Size.swift */,
				565D68522264D52C0046D326 /* 1.3 */,
				565D68542264D52C0046D326 /* ShadowView.swift */,
				565D68552264D52C0046D326 /* UIImageEffects.swift */,
				565D68562264D52C0046D326 /* UIView+Shadow.swift */,
			);
			path = ShadowView;
			sourceTree = "<group>";
		};
		565D68522264D52C0046D326 /* 1.3 */ = {
			isa = PBXGroup;
			children = (
				565D68532264D52C0046D326 /* ShadowView.podspec */,
			);
			path = 1.3;
			sourceTree = "<group>";
		};
/* End PBXGroup section */

/* Begin PBXNativeTarget section */
		565D67DF2263BEA60046D326 /* RandomRecipe */ = {
			isa = PBXNativeTarget;
			buildConfigurationList = 565D67FD2263BEA70046D326 /* Build configuration list for PBXNativeTarget "RandomRecipe" */;
			buildPhases = (
				F9B0163B17FC3F42EC5DF232 /* [CP] Check Pods Manifest.lock */,
				565D67DC2263BEA60046D326 /* Sources */,
				565D67DD2263BEA60046D326 /* Frameworks */,
				565D67DE2263BEA60046D326 /* Resources */,
				2AF1465D41B4254B9D96921A /* [CP] Embed Pods Frameworks */,
			);
			buildRules = (
			);
			dependencies = (
			);
			name = RandomRecipe;
			productName = RandomRecipe;
			productReference = 565D67E02263BEA60046D326 /* RandomRecipe.app */;
			productType = "com.apple.product-type.application";
		};
		565D67F32263BEA70046D326 /* RandomRecipeTests */ = {
			isa = PBXNativeTarget;
			buildConfigurationList = 565D68002263BEA70046D326 /* Build configuration list for PBXNativeTarget "RandomRecipeTests" */;
			buildPhases = (
				10F8000AB930BD71F7678CEF /* [CP] Check Pods Manifest.lock */,
				565D67F02263BEA70046D326 /* Sources */,
				565D67F12263BEA70046D326 /* Frameworks */,
				565D67F22263BEA70046D326 /* Resources */,
			);
			buildRules = (
			);
			dependencies = (
				565D67F62263BEA70046D326 /* PBXTargetDependency */,
			);
			name = RandomRecipeTests;
			productName = RandomRecipeTests;
			productReference = 565D67F42263BEA70046D326 /* RandomRecipeTests.xctest */;
			productType = "com.apple.product-type.bundle.unit-test";
		};
/* End PBXNativeTarget section */

/* Begin PBXProject section */
		565D67D82263BEA60046D326 /* Project object */ = {
			isa = PBXProject;
			attributes = {
				LastSwiftUpdateCheck = 1010;
				LastUpgradeCheck = 1010;
				ORGANIZATIONNAME = "Omar Abbasi";
				TargetAttributes = {
					565D67DF2263BEA60046D326 = {
						CreatedOnToolsVersion = 10.1;
					};
					565D67F32263BEA70046D326 = {
						CreatedOnToolsVersion = 10.1;
						TestTargetID = 565D67DF2263BEA60046D326;
					};
				};
			};
			buildConfigurationList = 565D67DB2263BEA60046D326 /* Build configuration list for PBXProject "RandomRecipe" */;
			compatibilityVersion = "Xcode 9.3";
			developmentRegion = en;
			hasScannedForEncodings = 0;
			knownRegions = (
				en,
				Base,
			);
			mainGroup = 565D67D72263BEA60046D326;
			productRefGroup = 565D67E12263BEA60046D326 /* Products */;
			projectDirPath = "";
			projectRoot = "";
			targets = (
				565D67DF2263BEA60046D326 /* RandomRecipe */,
				565D67F32263BEA70046D326 /* RandomRecipeTests */,
			);
		};
/* End PBXProject section */

/* Begin PBXResourcesBuildPhase section */
		565D67DE2263BEA60046D326 /* Resources */ = {
			isa = PBXResourcesBuildPhase;
			buildActionMask = 2147483647;
			files = (
				565D68122263D0890046D326 /* Merriweather-Bold.ttf in Resources */,
				565D68162263D0890046D326 /* Merriweather-Black.ttf in Resources */,
				565D67EE2263BEA70046D326 /* LaunchScreen.storyboard in Resources */,
				565D68112263D0890046D326 /* Merriweather-BlackItalic.ttf in Resources */,
				565D67EB2263BEA70046D326 /* Assets.xcassets in Resources */,
				565D68152263D0890046D326 /* Merriweather-Italic.ttf in Resources */,
				565D68132263D0890046D326 /* Merriweather-Regular.ttf in Resources */,
				565D685B2264D52C0046D326 /* ShadowView.podspec in Resources */,
				565D684522640B470046D326 /* FontAwesome5_Brands.ttf in Resources */,
				565D68172263D0890046D326 /* Merriweather-LightItalic.ttf in Resources */,
				565D68102263D0890046D326 /* Merriweather-BoldItalic.ttf in Resources */,
				565D684422640B470046D326 /* FontAwesome5_Regular.ttf in Resources */,
				565D68142263D0890046D326 /* Merriweather-Light.ttf in Resources */,
				565D67E92263BEA60046D326 /* Main.storyboard in Resources */,
				565D684622640B470046D326 /* FontAwesome5_Solid.ttf in Resources */,
			);
			runOnlyForDeploymentPostprocessing = 0;
		};
		565D67F22263BEA70046D326 /* Resources */ = {
			isa = PBXResourcesBuildPhase;
			buildActionMask = 2147483647;
			files = (
			);
			runOnlyForDeploymentPostprocessing = 0;
		};
/* End PBXResourcesBuildPhase section */

/* Begin PBXShellScriptBuildPhase section */
		10F8000AB930BD71F7678CEF /* [CP] Check Pods Manifest.lock */ = {
			isa = PBXShellScriptBuildPhase;
			buildActionMask = 2147483647;
			files = (
			);
			inputPaths = (
				"${PODS_PODFILE_DIR_PATH}/Podfile.lock",
				"${PODS_ROOT}/Manifest.lock",
			);
			name = "[CP] Check Pods Manifest.lock";
			outputPaths = (
				"$(DERIVED_FILE_DIR)/Pods-RandomRecipeTests-checkManifestLockResult.txt",
			);
			runOnlyForDeploymentPostprocessing = 0;
			shellPath = /bin/sh;
			shellScript = "diff \"${PODS_PODFILE_DIR_PATH}/Podfile.lock\" \"${PODS_ROOT}/Manifest.lock\" > /dev/null\nif [ $? != 0 ] ; then\n    # print error to STDERR\n    echo \"error: The sandbox is not in sync with the Podfile.lock. Run 'pod install' or update your CocoaPods installation.\" >&2\n    exit 1\nfi\n# This output is used by Xcode 'outputs' to avoid re-running this script phase.\necho \"SUCCESS\" > \"${SCRIPT_OUTPUT_FILE_0}\"\n";
			showEnvVarsInLog = 0;
		};
		2AF1465D41B4254B9D96921A /* [CP] Embed Pods Frameworks */ = {
			isa = PBXShellScriptBuildPhase;
			buildActionMask = 2147483647;
			files = (
			);
			inputFileListPaths = (
				"${PODS_ROOT}/Target Support Files/Pods-RandomRecipe/Pods-RandomRecipe-frameworks-${CONFIGURATION}-input-files.xcfilelist",
			);
			name = "[CP] Embed Pods Frameworks";
			outputFileListPaths = (
				"${PODS_ROOT}/Target Support Files/Pods-RandomRecipe/Pods-RandomRecipe-frameworks-${CONFIGURATION}-output-files.xcfilelist",
			);
			runOnlyForDeploymentPostprocessing = 0;
			shellPath = /bin/sh;
			shellScript = "\"${PODS_ROOT}/Target Support Files/Pods-RandomRecipe/Pods-RandomRecipe-frameworks.sh\"\n";
			showEnvVarsInLog = 0;
		};
		F9B0163B17FC3F42EC5DF232 /* [CP] Check Pods Manifest.lock */ = {
			isa = PBXShellScriptBuildPhase;
			buildActionMask = 2147483647;
			files = (
			);
			inputPaths = (
				"${PODS_PODFILE_DIR_PATH}/Podfile.lock",
				"${PODS_ROOT}/Manifest.lock",
			);
			name = "[CP] Check Pods Manifest.lock";
			outputPaths = (
				"$(DERIVED_FILE_DIR)/Pods-RandomRecipe-checkManifestLockResult.txt",
			);
			runOnlyForDeploymentPostprocessing = 0;
			shellPath = /bin/sh;
			shellScript = "diff \"${PODS_PODFILE_DIR_PATH}/Podfile.lock\" \"${PODS_ROOT}/Manifest.lock\" > /dev/null\nif [ $? != 0 ] ; then\n    # print error to STDERR\n    echo \"error: The sandbox is not in sync with the Podfile.lock. Run 'pod install' or update your CocoaPods installation.\" >&2\n    exit 1\nfi\n# This output is used by Xcode 'outputs' to avoid re-running this script phase.\necho \"SUCCESS\" > \"${SCRIPT_OUTPUT_FILE_0}\"\n";
			showEnvVarsInLog = 0;
		};
/* End PBXShellScriptBuildPhase section */

/* Begin PBXSourcesBuildPhase section */
		565D67DC2263BEA60046D326 /* Sources */ = {
			isa = PBXSourcesBuildPhase;
			buildActionMask = 2147483647;
			files = (
				565D681F2263DFF50046D326 /* Extensions.swift in Sources */,
				565D6849226413360046D326 /* RecipesController.swift in Sources */,
				565D68042263BF850046D326 /* Recipe.swift in Sources */,
				565D684D2264CF7E0046D326 /* CategoriesCollectionController.swift in Sources */,
				565D685A2264D52C0046D326 /* UIImage+Size.swift in Sources */,
				565D685D2264D52C0046D326 /* UIImageEffects.swift in Sources */,
				565D68592264D52C0046D326 /* UIView+Image.swift in Sources */,
				565D685C2264D52C0046D326 /* ShadowView.swift in Sources */,
				565D685E2264D52C0046D326 /* UIView+Shadow.swift in Sources */,
				565D684B226428EE0046D326 /* UIImageColors.swift in Sources */,
				565D67E62263BEA60046D326 /* ViewController.swift in Sources */,
				565D68582264D52C0046D326 /* ShadowView+BlurProcess.swift in Sources */,
				565D67E42263BEA60046D326 /* AppDelegate.swift in Sources */,
				565D68062263C7430046D326 /* SwiftyJSON.swift in Sources */,
				565D68232263EAD60046D326 /* Category.swift in Sources */,
			);
			runOnlyForDeploymentPostprocessing = 0;
		};
		565D67F02263BEA70046D326 /* Sources */ = {
			isa = PBXSourcesBuildPhase;
			buildActionMask = 2147483647;
			files = (
				565D67F92263BEA70046D326 /* RandomRecipeTests.swift in Sources */,
			);
			runOnlyForDeploymentPostprocessing = 0;
		};
/* End PBXSourcesBuildPhase section */

/* Begin PBXTargetDependency section */
		565D67F62263BEA70046D326 /* PBXTargetDependency */ = {
			isa = PBXTargetDependency;
			target = 565D67DF2263BEA60046D326 /* RandomRecipe */;
			targetProxy = 565D67F52263BEA70046D326 /* PBXContainerItemProxy */;
		};
/* End PBXTargetDependency section */

/* Begin PBXVariantGroup section */
		565D67E72263BEA60046D326 /* Main.storyboard */ = {
			isa = PBXVariantGroup;
			children = (
				565D67E82263BEA60046D326 /* Base */,
			);
			name = Main.storyboard;
			sourceTree = "<group>";
		};
		565D67EC2263BEA70046D326 /* LaunchScreen.storyboard */ = {
			isa = PBXVariantGroup;
			children = (
				565D67ED2263BEA70046D326 /* Base */,
			);
			name = LaunchScreen.storyboard;
			sourceTree = "<group>";
		};
/* End PBXVariantGroup section */

/* Begin XCBuildConfiguration section */
		565D67FB2263BEA70046D326 /* Debug */ = {
			isa = XCBuildConfiguration;
			buildSettings = {
				ALWAYS_SEARCH_USER_PATHS = NO;
				CLANG_ANALYZER_NONNULL = YES;
				CLANG_ANALYZER_NUMBER_OBJECT_CONVERSION = YES_AGGRESSIVE;
				CLANG_CXX_LANGUAGE_STANDARD = "gnu++14";
				CLANG_CXX_LIBRARY = "libc++";
				CLANG_ENABLE_MODULES = YES;
				CLANG_ENABLE_OBJC_ARC = YES;
				CLANG_ENABLE_OBJC_WEAK = YES;
				CLANG_WARN_BLOCK_CAPTURE_AUTORELEASING = YES;
				CLANG_WARN_BOOL_CONVERSION = YES;
				CLANG_WARN_COMMA = YES;
				CLANG_WARN_CONSTANT_CONVERSION = YES;
				CLANG_WARN_DEPRECATED_OBJC_IMPLEMENTATIONS = YES;
				CLANG_WARN_DIRECT_OBJC_ISA_USAGE = YES_ERROR;
				CLANG_WARN_DOCUMENTATION_COMMENTS = YES;
				CLANG_WARN_EMPTY_BODY = YES;
				CLANG_WARN_ENUM_CONVERSION = YES;
				CLANG_WARN_INFINITE_RECURSION = YES;
				CLANG_WARN_INT_CONVERSION = YES;
				CLANG_WARN_NON_LITERAL_NULL_CONVERSION = YES;
				CLANG_WARN_OBJC_IMPLICIT_RETAIN_SELF = YES;
				CLANG_WARN_OBJC_LITERAL_CONVERSION = YES;
				CLANG_WARN_OBJC_ROOT_CLASS = YES_ERROR;
				CLANG_WARN_RANGE_LOOP_ANALYSIS = YES;
				CLANG_WARN_STRICT_PROTOTYPES = YES;
				CLANG_WARN_SUSPICIOUS_MOVE = YES;
				CLANG_WARN_UNGUARDED_AVAILABILITY = YES_AGGRESSIVE;
				CLANG_WARN_UNREACHABLE_CODE = YES;
				CLANG_WARN__DUPLICATE_METHOD_MATCH = YES;
				CODE_SIGN_IDENTITY = "iPhone Developer";
				COPY_PHASE_STRIP = NO;
				DEBUG_INFORMATION_FORMAT = dwarf;
				ENABLE_STRICT_OBJC_MSGSEND = YES;
				ENABLE_TESTABILITY = YES;
				GCC_C_LANGUAGE_STANDARD = gnu11;
				GCC_DYNAMIC_NO_PIC = NO;
				GCC_NO_COMMON_BLOCKS = YES;
				GCC_OPTIMIZATION_LEVEL = 0;
				GCC_PREPROCESSOR_DEFINITIONS = (
					"DEBUG=1",
					"$(inherited)",
				);
				GCC_WARN_64_TO_32_BIT_CONVERSION = YES;
				GCC_WARN_ABOUT_RETURN_TYPE = YES_ERROR;
				GCC_WARN_UNDECLARED_SELECTOR = YES;
				GCC_WARN_UNINITIALIZED_AUTOS = YES_AGGRESSIVE;
				GCC_WARN_UNUSED_FUNCTION = YES;
				GCC_WARN_UNUSED_VARIABLE = YES;
				IPHONEOS_DEPLOYMENT_TARGET = 12.1;
				MTL_ENABLE_DEBUG_INFO = INCLUDE_SOURCE;
				MTL_FAST_MATH = YES;
				ONLY_ACTIVE_ARCH = YES;
				SDKROOT = iphoneos;
				SWIFT_ACTIVE_COMPILATION_CONDITIONS = DEBUG;
				SWIFT_OPTIMIZATION_LEVEL = "-Onone";
			};
			name = Debug;
		};
		565D67FC2263BEA70046D326 /* Release */ = {
			isa = XCBuildConfiguration;
			buildSettings = {
				ALWAYS_SEARCH_USER_PATHS = NO;
				CLANG_ANALYZER_NONNULL = YES;
				CLANG_ANALYZER_NUMBER_OBJECT_CONVERSION = YES_AGGRESSIVE;
				CLANG_CXX_LANGUAGE_STANDARD = "gnu++14";
				CLANG_CXX_LIBRARY = "libc++";
				CLANG_ENABLE_MODULES = YES;
				CLANG_ENABLE_OBJC_ARC = YES;
				CLANG_ENABLE_OBJC_WEAK = YES;
				CLANG_WARN_BLOCK_CAPTURE_AUTORELEASING = YES;
				CLANG_WARN_BOOL_CONVERSION = YES;
				CLANG_WARN_COMMA = YES;
				CLANG_WARN_CONSTANT_CONVERSION = YES;
				CLANG_WARN_DEPRECATED_OBJC_IMPLEMENTATIONS = YES;
				CLANG_WARN_DIRECT_OBJC_ISA_USAGE = YES_ERROR;
				CLANG_WARN_DOCUMENTATION_COMMENTS = YES;
				CLANG_WARN_EMPTY_BODY = YES;
				CLANG_WARN_ENUM_CONVERSION = YES;
				CLANG_WARN_INFINITE_RECURSION = YES;
				CLANG_WARN_INT_CONVERSION = YES;
				CLANG_WARN_NON_LITERAL_NULL_CONVERSION = YES;
				CLANG_WARN_OBJC_IMPLICIT_RETAIN_SELF = YES;
				CLANG_WARN_OBJC_LITERAL_CONVERSION = YES;
				CLANG_WARN_OBJC_ROOT_CLASS = YES_ERROR;
				CLANG_WARN_RANGE_LOOP_ANALYSIS = YES;
				CLANG_WARN_STRICT_PROTOTYPES = YES;
				CLANG_WARN_SUSPICIOUS_MOVE = YES;
				CLANG_WARN_UNGUARDED_AVAILABILITY = YES_AGGRESSIVE;
				CLANG_WARN_UNREACHABLE_CODE = YES;
				CLANG_WARN__DUPLICATE_METHOD_MATCH = YES;
				CODE_SIGN_IDENTITY = "iPhone Developer";
				COPY_PHASE_STRIP = NO;
				DEBUG_INFORMATION_FORMAT = "dwarf-with-dsym";
				ENABLE_NS_ASSERTIONS = NO;
				ENABLE_STRICT_OBJC_MSGSEND = YES;
				GCC_C_LANGUAGE_STANDARD = gnu11;
				GCC_NO_COMMON_BLOCKS = YES;
				GCC_WARN_64_TO_32_BIT_CONVERSION = YES;
				GCC_WARN_ABOUT_RETURN_TYPE = YES_ERROR;
				GCC_WARN_UNDECLARED_SELECTOR = YES;
				GCC_WARN_UNINITIALIZED_AUTOS = YES_AGGRESSIVE;
				GCC_WARN_UNUSED_FUNCTION = YES;
				GCC_WARN_UNUSED_VARIABLE = YES;
				IPHONEOS_DEPLOYMENT_TARGET = 12.1;
				MTL_ENABLE_DEBUG_INFO = NO;
				MTL_FAST_MATH = YES;
				SDKROOT = iphoneos;
				SWIFT_COMPILATION_MODE = wholemodule;
				SWIFT_OPTIMIZATION_LEVEL = "-O";
				VALIDATE_PRODUCT = YES;
			};
			name = Release;
		};
		565D67FE2263BEA70046D326 /* Debug */ = {
			isa = XCBuildConfiguration;
			baseConfigurationReference = CBBEFDD99F9958408142C274 /* Pods-RandomRecipe.debug.xcconfig */;
			buildSettings = {
				ASSETCATALOG_COMPILER_APPICON_NAME = AppIcon;
				CODE_SIGN_STYLE = Automatic;
				DEVELOPMENT_TEAM = 3472973G7Y;
				FRAMEWORK_SEARCH_PATHS = (
					"$(inherited)",
					"$(PROJECT_DIR)/RandomRecipe/SDWebImage/Products/Library/Frameworks",
				);
				INFOPLIST_FILE = RandomRecipe/Info.plist;
				IPHONEOS_DEPLOYMENT_TARGET = 13.0;
				LD_RUNPATH_SEARCH_PATHS = (
					"$(inherited)",
					"@executable_path/Frameworks",
				);
				LIBRARY_SEARCH_PATHS = (
					"$(inherited)",
					"$(PROJECT_DIR)/RandomRecipe/SDWebImag/Products/usr/local/lib",
					"$(PROJECT_DIR)/RandomRecipe/SDWebImage\\ static/Products/usr/local/lib",
				);
				OTHER_LDFLAGS = "$(inherited)";
				PRODUCT_BUNDLE_IDENTIFIER = com.socero.RandomRecipe;
				PRODUCT_NAME = "$(TARGET_NAME)";
				SWIFT_VERSION = 4.2;
				TARGETED_DEVICE_FAMILY = "1,2";
			};
			name = Debug;
		};
		565D67FF2263BEA70046D326 /* Release */ = {
			isa = XCBuildConfiguration;
			baseConfigurationReference = B7BF9203FCF20D50770D85F1 /* Pods-RandomRecipe.release.xcconfig */;
			buildSettings = {
				ASSETCATALOG_COMPILER_APPICON_NAME = AppIcon;
				CODE_SIGN_STYLE = Automatic;
				DEVELOPMENT_TEAM = 3472973G7Y;
				FRAMEWORK_SEARCH_PATHS = (
					"$(inherited)",
					"$(PROJECT_DIR)/RandomRecipe/SDWebImage/Products/Library/Frameworks",
				);
				INFOPLIST_FILE = RandomRecipe/Info.plist;
				IPHONEOS_DEPLOYMENT_TARGET = 13.0;
				LD_RUNPATH_SEARCH_PATHS = (
					"$(inherited)",
					"@executable_path/Frameworks",
				);
				LIBRARY_SEARCH_PATHS = (
					"$(inherited)",
					"$(PROJECT_DIR)/RandomRecipe/SDWebImag/Products/usr/local/lib",
					"$(PROJECT_DIR)/RandomRecipe/SDWebImage\\ static/Products/usr/local/lib",
				);
				OTHER_LDFLAGS = "$(inherited)";
				PRODUCT_BUNDLE_IDENTIFIER = com.socero.RandomRecipe;
				PRODUCT_NAME = "$(TARGET_NAME)";
				SWIFT_VERSION = 4.2;
				TARGETED_DEVICE_FAMILY = "1,2";
			};
			name = Release;
		};
		565D68012263BEA70046D326 /* Debug */ = {
			isa = XCBuildConfiguration;
			baseConfigurationReference = 98517006414D05397BF345C6 /* Pods-RandomRecipeTests.debug.xcconfig */;
			buildSettings = {
				ALWAYS_EMBED_SWIFT_STANDARD_LIBRARIES = YES;
				BUNDLE_LOADER = "$(TEST_HOST)";
				CODE_SIGN_STYLE = Automatic;
				DEVELOPMENT_TEAM = AEA87WCYYX;
				INFOPLIST_FILE = RandomRecipeTests/Info.plist;
				LD_RUNPATH_SEARCH_PATHS = (
					"$(inherited)",
					"@executable_path/Frameworks",
					"@loader_path/Frameworks",
				);
				PRODUCT_BUNDLE_IDENTIFIER = com.omarabbasi.RandomRecipeTests;
				PRODUCT_NAME = "$(TARGET_NAME)";
				SWIFT_VERSION = 4.2;
				TARGETED_DEVICE_FAMILY = "1,2";
				TEST_HOST = "$(BUILT_PRODUCTS_DIR)/RandomRecipe.app/RandomRecipe";
			};
			name = Debug;
		};
		565D68022263BEA70046D326 /* Release */ = {
			isa = XCBuildConfiguration;
			baseConfigurationReference = 37AEAF50290E810E4CFB5709 /* Pods-RandomRecipeTests.release.xcconfig */;
			buildSettings = {
				ALWAYS_EMBED_SWIFT_STANDARD_LIBRARIES = YES;
				BUNDLE_LOADER = "$(TEST_HOST)";
				CODE_SIGN_STYLE = Automatic;
				DEVELOPMENT_TEAM = AEA87WCYYX;
				INFOPLIST_FILE = RandomRecipeTests/Info.plist;
				LD_RUNPATH_SEARCH_PATHS = (
					"$(inherited)",
					"@executable_path/Frameworks",
					"@loader_path/Frameworks",
				);
				PRODUCT_BUNDLE_IDENTIFIER = com.omarabbasi.RandomRecipeTests;
				PRODUCT_NAME = "$(TARGET_NAME)";
				SWIFT_VERSION = 4.2;
				TARGETED_DEVICE_FAMILY = "1,2";
				TEST_HOST = "$(BUILT_PRODUCTS_DIR)/RandomRecipe.app/RandomRecipe";
			};
			name = Release;
		};
/* End XCBuildConfiguration section */

/* Begin XCConfigurationList section */
		565D67DB2263BEA60046D326 /* Build configuration list for PBXProject "RandomRecipe" */ = {
			isa = XCConfigurationList;
			buildConfigurations = (
				565D67FB2263BEA70046D326 /* Debug */,
				565D67FC2263BEA70046D326 /* Release */,
			);
			defaultConfigurationIsVisible = 0;
			defaultConfigurationName = Release;
		};
		565D67FD2263BEA70046D326 /* Build configuration list for PBXNativeTarget "RandomRecipe" */ = {
			isa = XCConfigurationList;
			buildConfigurations = (
				565D67FE2263BEA70046D326 /* Debug */,
				565D67FF2263BEA70046D326 /* Release */,
			);
			defaultConfigurationIsVisible = 0;
			defaultConfigurationName = Release;
		};
		565D68002263BEA70046D326 /* Build configuration list for PBXNativeTarget "RandomRecipeTests" */ = {
			isa = XCConfigurationList;
			buildConfigurations = (
				565D68012263BEA70046D326 /* Debug */,
				565D68022263BEA70046D326 /* Release */,
			);
			defaultConfigurationIsVisible = 0;
			defaultConfigurationName = Release;
		};
/* End XCConfigurationList section */
	};
	rootObject = 565D67D82263BEA60046D326 /* Project object */;
}
