// !$*UTF8*$!
{
	archiveVersion = 1;
	classes = {
	};
	objectVersion = 50;
	objects = {

/* Begin PBXBuildFile section */
		565D67E42263BEA60046D326 /* AppDelegate.swift in Sources */ = {isa = PBXBuildFile; fileRef = 565D67E32263BEA60046D326 /* AppDelegate.swift */; };
		565D67E62263BEA60046D326 /* RecipeDetailController.swift in Sources */ = {isa = PBXBuildFile; fileRef = 565D67E52263BEA60046D326 /* RecipeDetailController.swift */; };
		565D67E92263BEA60046D326 /* Main.storyboard in Resources */ = {isa = PBXBuildFile; fileRef = 565D67E72263BEA60046D326 /* Main.storyboard */; };
		565D67EB2263BEA70046D326 /* Assets.xcassets in Resources */ = {isa = PBXBuildFile; fileRef = 565D67EA2263BEA70046D326 /* Assets.xcassets */; };
		565D67EE2263BEA70046D326 /* LaunchScreen.storyboard in Resources */ = {isa = PBXBuildFile; fileRef = 565D67EC2263BEA70046D326 /* LaunchScreen.storyboard */; };
		565D67F92263BEA70046D326 /* RandomRecipeTests.swift in Sources */ = {isa = PBXBuildFile; fileRef = 565D67F82263BEA70046D326 /* RandomRecipeTests.swift */; };
		565D68042263BF850046D326 /* Recipe.swift in Sources */ = {isa = PBXBuildFile; fileRef = 565D68032263BF850046D326 /* Recipe.swift */; };
		565D68062263C7430046D326 /* SwiftyJSON.swift in Sources */ = {isa = PBXBuildFile; fileRef = 565D68052263C7430046D326 /* SwiftyJSON.swift */; };
		565D68102263D0890046D326 /* Merriweather-BoldItalic.ttf in Resources */ = {isa = PBXBuildFile; fileRef = 565D68082263D0890046D326 /* Merriweather-BoldItalic.ttf */; };
		565D68112263D0890046D326 /* Merriweather-BlackItalic.ttf in Resources */ = {isa = PBXBuildFile; fileRef = 565D68092263D0890046D326 /* Merriweather-BlackItalic.ttf */; };
		565D68122263D0890046D326 /* Merriweather-Bold.ttf in Resources */ = {isa = PBXBuildFile; fileRef = 565D680A2263D0890046D326 /* Merriweather-Bold.ttf */; };
		565D68132263D0890046D326 /* Merriweather-Regular.ttf in Resources */ = {isa = PBXBuildFile; fileRef = 565D680B2263D0890046D326 /* Merriweather-Regular.ttf */; };
		565D68142263D0890046D326 /* Merriweather-Light.ttf in Resources */ = {isa = PBXBuildFile; fileRef = 565D680C2263D0890046D326 /* Merriweather-Light.ttf */; };
		565D68152263D0890046D326 /* Merriweather-Italic.ttf in Resources */ = {isa = PBXBuildFile; fileRef = 565D680D2263D0890046D326 /* Merriweather-Italic.ttf */; };
		565D68162263D0890046D326 /* Merriweather-Black.ttf in Resources */ = {isa = PBXBuildFile; fileRef = 565D680E2263D0890046D326 /* Merriweather-Black.ttf */; };
		565D68172263D0890046D326 /* Merriweather-LightItalic.ttf in Resources */ = {isa = PBXBuildFile; fileRef = 565D680F2263D0890046D326 /* Merriweather-LightItalic.ttf */; };
		565D681F2263DFF50046D326 /* Extensions.swift in Sources */ = {isa = PBXBuildFile; fileRef = 565D681E2263DFF40046D326 /* Extensions.swift */; };
		565D68232263EAD60046D326 /* Category.swift in Sources */ = {isa = PBXBuildFile; fileRef = 565D68222263EAD60046D326 /* Category.swift */; };
		565D684422640B470046D326 /* FontAwesome5_Regular.ttf in Resources */ = {isa = PBXBuildFile; fileRef = 565D684122640B460046D326 /* FontAwesome5_Regular.ttf */; };
		565D684522640B470046D326 /* FontAwesome5_Brands.ttf in Resources */ = {isa = PBXBuildFile; fileRef = 565D684222640B460046D326 /* FontAwesome5_Brands.ttf */; };
		565D684622640B470046D326 /* FontAwesome5_Solid.ttf in Resources */ = {isa = PBXBuildFile; fileRef = 565D684322640B460046D326 /* FontAwesome5_Solid.ttf */; };
		565D6849226413360046D326 /* RecipesListController.swift in Sources */ = {isa = PBXBuildFile; fileRef = 565D6848226413360046D326 /* RecipesListController.swift */; };
		565D684D2264CF7E0046D326 /* CategoriesListController.swift in Sources */ = {isa = PBXBuildFile; fileRef = 565D684C2264CF7E0046D326 /* CategoriesListController.swift */; };
		566EBA9B248B1F13007BDAB8 /* SDWebImage.framework in Frameworks */ = {isa = PBXBuildFile; fileRef = 56054BC92265529200EBD82A /* SDWebImage.framework */; };
		566EBA9C248B1F13007BDAB8 /* SDWebImage.framework in Embed Frameworks */ = {isa = PBXBuildFile; fileRef = 56054BC92265529200EBD82A /* SDWebImage.framework */; settings = {ATTRIBUTES = (CodeSignOnCopy, RemoveHeadersOnCopy, ); }; };
		56AA4A222485DED400CB5FA7 /* NewYorkSmall-MediumItalic.otf in Resources */ = {isa = PBXBuildFile; fileRef = 56AA4A162485DED300CB5FA7 /* NewYorkSmall-MediumItalic.otf */; };
		56AA4A232485DED400CB5FA7 /* NewYorkSmall-Regular.otf in Resources */ = {isa = PBXBuildFile; fileRef = 56AA4A172485DED300CB5FA7 /* NewYorkSmall-Regular.otf */; };
		56AA4A242485DED400CB5FA7 /* NewYorkSmall-Semibold.otf in Resources */ = {isa = PBXBuildFile; fileRef = 56AA4A182485DED300CB5FA7 /* NewYorkSmall-Semibold.otf */; };
		56AA4A252485DED400CB5FA7 /* NewYorkSmall-SemiboldItalic.otf in Resources */ = {isa = PBXBuildFile; fileRef = 56AA4A192485DED300CB5FA7 /* NewYorkSmall-SemiboldItalic.otf */; };
		56AA4A262485DED400CB5FA7 /* NewYorkSmall-HeavyItalic.otf in Resources */ = {isa = PBXBuildFile; fileRef = 56AA4A1A2485DED300CB5FA7 /* NewYorkSmall-HeavyItalic.otf */; };
		56AA4A272485DED400CB5FA7 /* NewYorkSmall-Black.otf in Resources */ = {isa = PBXBuildFile; fileRef = 56AA4A1B2485DED300CB5FA7 /* NewYorkSmall-Black.otf */; };
		56AA4A282485DED400CB5FA7 /* NewYorkSmall-BoldItalic.otf in Resources */ = {isa = PBXBuildFile; fileRef = 56AA4A1C2485DED300CB5FA7 /* NewYorkSmall-BoldItalic.otf */; };
		56AA4A292485DED400CB5FA7 /* NewYorkSmall-Heavy.otf in Resources */ = {isa = PBXBuildFile; fileRef = 56AA4A1D2485DED300CB5FA7 /* NewYorkSmall-Heavy.otf */; };
		56AA4A2A2485DED400CB5FA7 /* NewYorkSmall-Bold.otf in Resources */ = {isa = PBXBuildFile; fileRef = 56AA4A1E2485DED300CB5FA7 /* NewYorkSmall-Bold.otf */; };
		56AA4A2B2485DED400CB5FA7 /* NewYorkSmall-RegularItalic.otf in Resources */ = {isa = PBXBuildFile; fileRef = 56AA4A1F2485DED400CB5FA7 /* NewYorkSmall-RegularItalic.otf */; };
		56AA4A2C2485DED400CB5FA7 /* NewYorkSmall-Medium.otf in Resources */ = {isa = PBXBuildFile; fileRef = 56AA4A202485DED400CB5FA7 /* NewYorkSmall-Medium.otf */; };
		56AA4A2D2485DED400CB5FA7 /* NewYorkSmall-BlackItalic.otf in Resources */ = {isa = PBXBuildFile; fileRef = 56AA4A212485DED400CB5FA7 /* NewYorkSmall-BlackItalic.otf */; };
/* End PBXBuildFile section */

/* Begin PBXContainerItemProxy section */
		565D67F52263BEA70046D326 /* PBXContainerItemProxy */ = {
			isa = PBXContainerItemProxy;
			containerPortal = 565D67D82263BEA60046D326 /* Project object */;
			proxyType = 1;
			remoteGlobalIDString = 565D67DF2263BEA60046D326;
			remoteInfo = RandomRecipe;
		};
/* End PBXContainerItemProxy section */

/* Begin PBXCopyFilesBuildPhase section */
		566EBA9D248B1F13007BDAB8 /* Embed Frameworks */ = {
			isa = PBXCopyFilesBuildPhase;
			buildActionMask = 2147483647;
			dstPath = "";
			dstSubfolderSpec = 10;
			files = (
				566EBA9C248B1F13007BDAB8 /* SDWebImage.framework in Embed Frameworks */,
			);
			name = "Embed Frameworks";
			runOnlyForDeploymentPostprocessing = 0;
		};
/* End PBXCopyFilesBuildPhase section */

/* Begin PBXFileReference section */
		56054BC92265529200EBD82A /* SDWebImage.framework */ = {isa = PBXFileReference; lastKnownFileType = wrapper.framework; name = SDWebImage.framework; path = RandomRecipe/SDWebImage/Products/Library/Frameworks/SDWebImage.framework; sourceTree = "<group>"; };
		56054BCB2265579A00EBD82A /* libSDWebImage.a */ = {isa = PBXFileReference; lastKnownFileType = archive.ar; name = libSDWebImage.a; path = "RandomRecipe/SDWebImage static/Products/usr/local/lib/libSDWebImage.a"; sourceTree = "<group>"; };
		565D67E02263BEA60046D326 /* Food.app */ = {isa = PBXFileReference; explicitFileType = wrapper.application; includeInIndex = 0; path = Food.app; sourceTree = BUILT_PRODUCTS_DIR; };
		565D67E32263BEA60046D326 /* AppDelegate.swift */ = {isa = PBXFileReference; lastKnownFileType = sourcecode.swift; path = AppDelegate.swift; sourceTree = "<group>"; };
		565D67E52263BEA60046D326 /* RecipeDetailController.swift */ = {isa = PBXFileReference; lastKnownFileType = sourcecode.swift; path = RecipeDetailController.swift; sourceTree = "<group>"; };
		565D67E82263BEA60046D326 /* Base */ = {isa = PBXFileReference; lastKnownFileType = file.storyboard; name = Base; path = Base.lproj/Main.storyboard; sourceTree = "<group>"; };
		565D67EA2263BEA70046D326 /* Assets.xcassets */ = {isa = PBXFileReference; lastKnownFileType = folder.assetcatalog; path = Assets.xcassets; sourceTree = "<group>"; };
		565D67ED2263BEA70046D326 /* Base */ = {isa = PBXFileReference; lastKnownFileType = file.storyboard; name = Base; path = Base.lproj/LaunchScreen.storyboard; sourceTree = "<group>"; };
		565D67EF2263BEA70046D326 /* Info.plist */ = {isa = PBXFileReference; lastKnownFileType = text.plist.xml; path = Info.plist; sourceTree = "<group>"; };
		565D67F42263BEA70046D326 /* RandomRecipeTests.xctest */ = {isa = PBXFileReference; explicitFileType = wrapper.cfbundle; includeInIndex = 0; path = RandomRecipeTests.xctest; sourceTree = BUILT_PRODUCTS_DIR; };
		565D67F82263BEA70046D326 /* RandomRecipeTests.swift */ = {isa = PBXFileReference; lastKnownFileType = sourcecode.swift; path = RandomRecipeTests.swift; sourceTree = "<group>"; };
		565D67FA2263BEA70046D326 /* Info.plist */ = {isa = PBXFileReference; lastKnownFileType = text.plist.xml; path = Info.plist; sourceTree = "<group>"; };
		565D68032263BF850046D326 /* Recipe.swift */ = {isa = PBXFileReference; lastKnownFileType = sourcecode.swift; path = Recipe.swift; sourceTree = "<group>"; };
		565D68052263C7430046D326 /* SwiftyJSON.swift */ = {isa = PBXFileReference; lastKnownFileType = sourcecode.swift; path = SwiftyJSON.swift; sourceTree = "<group>"; };
		565D68082263D0890046D326 /* Merriweather-BoldItalic.ttf */ = {isa = PBXFileReference; lastKnownFileType = file; path = "Merriweather-BoldItalic.ttf"; sourceTree = "<group>"; };
		565D68092263D0890046D326 /* Merriweather-BlackItalic.ttf */ = {isa = PBXFileReference; lastKnownFileType = file; path = "Merriweather-BlackItalic.ttf"; sourceTree = "<group>"; };
		565D680A2263D0890046D326 /* Merriweather-Bold.ttf */ = {isa = PBXFileReference; lastKnownFileType = file; path = "Merriweather-Bold.ttf"; sourceTree = "<group>"; };
		565D680B2263D0890046D326 /* Merriweather-Regular.ttf */ = {isa = PBXFileReference; lastKnownFileType = file; path = "Merriweather-Regular.ttf"; sourceTree = "<group>"; };
		565D680C2263D0890046D326 /* Merriweather-Light.ttf */ = {isa = PBXFileReference; lastKnownFileType = file; path = "Merriweather-Light.ttf"; sourceTree = "<group>"; };
		565D680D2263D0890046D326 /* Merriweather-Italic.ttf */ = {isa = PBXFileReference; lastKnownFileType = file; path = "Merriweather-Italic.ttf"; sourceTree = "<group>"; };
		565D680E2263D0890046D326 /* Merriweather-Black.ttf */ = {isa = PBXFileReference; lastKnownFileType = file; path = "Merriweather-Black.ttf"; sourceTree = "<group>"; };
		565D680F2263D0890046D326 /* Merriweather-LightItalic.ttf */ = {isa = PBXFileReference; lastKnownFileType = file; path = "Merriweather-LightItalic.ttf"; sourceTree = "<group>"; };
		565D681E2263DFF40046D326 /* Extensions.swift */ = {isa = PBXFileReference; lastKnownFileType = sourcecode.swift; path = Extensions.swift; sourceTree = "<group>"; };
		565D68222263EAD60046D326 /* Category.swift */ = {isa = PBXFileReference; lastKnownFileType = sourcecode.swift; path = Category.swift; sourceTree = "<group>"; };
		565D684122640B460046D326 /* FontAwesome5_Regular.ttf */ = {isa = PBXFileReference; lastKnownFileType = file; path = FontAwesome5_Regular.ttf; sourceTree = "<group>"; };
		565D684222640B460046D326 /* FontAwesome5_Brands.ttf */ = {isa = PBXFileReference; lastKnownFileType = file; path = FontAwesome5_Brands.ttf; sourceTree = "<group>"; };
		565D684322640B460046D326 /* FontAwesome5_Solid.ttf */ = {isa = PBXFileReference; lastKnownFileType = file; path = FontAwesome5_Solid.ttf; sourceTree = "<group>"; };
		565D6848226413360046D326 /* RecipesListController.swift */ = {isa = PBXFileReference; lastKnownFileType = sourcecode.swift; path = RecipesListController.swift; sourceTree = "<group>"; };
		565D684C2264CF7E0046D326 /* CategoriesListController.swift */ = {isa = PBXFileReference; lastKnownFileType = sourcecode.swift; path = CategoriesListController.swift; sourceTree = "<group>"; };
		56AA4A162485DED300CB5FA7 /* NewYorkSmall-MediumItalic.otf */ = {isa = PBXFileReference; lastKnownFileType = file; path = "NewYorkSmall-MediumItalic.otf"; sourceTree = "<group>"; };
		56AA4A172485DED300CB5FA7 /* NewYorkSmall-Regular.otf */ = {isa = PBXFileReference; lastKnownFileType = file; path = "NewYorkSmall-Regular.otf"; sourceTree = "<group>"; };
		56AA4A182485DED300CB5FA7 /* NewYorkSmall-Semibold.otf */ = {isa = PBXFileReference; lastKnownFileType = file; path = "NewYorkSmall-Semibold.otf"; sourceTree = "<group>"; };
		56AA4A192485DED300CB5FA7 /* NewYorkSmall-SemiboldItalic.otf */ = {isa = PBXFileReference; lastKnownFileType = file; path = "NewYorkSmall-SemiboldItalic.otf"; sourceTree = "<group>"; };
		56AA4A1A2485DED300CB5FA7 /* NewYorkSmall-HeavyItalic.otf */ = {isa = PBXFileReference; lastKnownFileType = file; path = "NewYorkSmall-HeavyItalic.otf"; sourceTree = "<group>"; };
		56AA4A1B2485DED300CB5FA7 /* NewYorkSmall-Black.otf */ = {isa = PBXFileReference; lastKnownFileType = file; path = "NewYorkSmall-Black.otf"; sourceTree = "<group>"; };
		56AA4A1C2485DED300CB5FA7 /* NewYorkSmall-BoldItalic.otf */ = {isa = PBXFileReference; lastKnownFileType = file; path = "NewYorkSmall-BoldItalic.otf"; sourceTree = "<group>"; };
		56AA4A1D2485DED300CB5FA7 /* NewYorkSmall-Heavy.otf */ = {isa = PBXFileReference; lastKnownFileType = file; path = "NewYorkSmall-Heavy.otf"; sourceTree = "<group>"; };
		56AA4A1E2485DED300CB5FA7 /* NewYorkSmall-Bold.otf */ = {isa = PBXFileReference; lastKnownFileType = file; path = "NewYorkSmall-Bold.otf"; sourceTree = "<group>"; };
		56AA4A1F2485DED400CB5FA7 /* NewYorkSmall-RegularItalic.otf */ = {isa = PBXFileReference; lastKnownFileType = file; path = "NewYorkSmall-RegularItalic.otf"; sourceTree = "<group>"; };
		56AA4A202485DED400CB5FA7 /* NewYorkSmall-Medium.otf */ = {isa = PBXFileReference; lastKnownFileType = file; path = "NewYorkSmall-Medium.otf"; sourceTree = "<group>"; };
		56AA4A212485DED400CB5FA7 /* NewYorkSmall-BlackItalic.otf */ = {isa = PBXFileReference; lastKnownFileType = file; path = "NewYorkSmall-BlackItalic.otf"; sourceTree = "<group>"; };
/* End PBXFileReference section */

/* Begin PBXFrameworksBuildPhase section */
		565D67DD2263BEA60046D326 /* Frameworks */ = {
			isa = PBXFrameworksBuildPhase;
			buildActionMask = 2147483647;
			files = (
				566EBA9B248B1F13007BDAB8 /* SDWebImage.framework in Frameworks */,
			);
			runOnlyForDeploymentPostprocessing = 0;
		};
		565D67F12263BEA70046D326 /* Frameworks */ = {
			isa = PBXFrameworksBuildPhase;
			buildActionMask = 2147483647;
			files = (
			);
			runOnlyForDeploymentPostprocessing = 0;
		};
/* End PBXFrameworksBuildPhase section */

/* Begin PBXGroup section */
		56054BC82265529200EBD82A /* Frameworks */ = {
			isa = PBXGroup;
			children = (
				56054BCB2265579A00EBD82A /* libSDWebImage.a */,
				56054BC92265529200EBD82A /* SDWebImage.framework */,
			);
			name = Frameworks;
			sourceTree = "<group>";
		};
		565D67D72263BEA60046D326 = {
			isa = PBXGroup;
			children = (
				565D67E22263BEA60046D326 /* RandomRecipe */,
				565D67F72263BEA70046D326 /* RandomRecipeTests */,
				565D67E12263BEA60046D326 /* Products */,
				56054BC82265529200EBD82A /* Frameworks */,
			);
			sourceTree = "<group>";
		};
		565D67E12263BEA60046D326 /* Products */ = {
			isa = PBXGroup;
			children = (
				565D67E02263BEA60046D326 /* Food.app */,
				565D67F42263BEA70046D326 /* RandomRecipeTests.xctest */,
			);
			name = Products;
			sourceTree = "<group>";
		};
		565D67E22263BEA60046D326 /* RandomRecipe */ = {
			isa = PBXGroup;
			children = (
				565D68072263D06F0046D326 /* Fonts */,
				565D6847226412220046D326 /* Resources */,
				565D67E32263BEA60046D326 /* AppDelegate.swift */,
				565D67E52263BEA60046D326 /* RecipeDetailController.swift */,
				565D6848226413360046D326 /* RecipesListController.swift */,
				565D684C2264CF7E0046D326 /* CategoriesListController.swift */,
				565D67E72263BEA60046D326 /* Main.storyboard */,
				565D67EA2263BEA70046D326 /* Assets.xcassets */,
				565D67EC2263BEA70046D326 /* LaunchScreen.storyboard */,
				565D67EF2263BEA70046D326 /* Info.plist */,
				565D68052263C7430046D326 /* SwiftyJSON.swift */,
			);
			path = RandomRecipe;
			sourceTree = "<group>";
		};
		565D67F72263BEA70046D326 /* RandomRecipeTests */ = {
			isa = PBXGroup;
			children = (
				565D67F82263BEA70046D326 /* RandomRecipeTests.swift */,
				565D67FA2263BEA70046D326 /* Info.plist */,
			);
			path = RandomRecipeTests;
			sourceTree = "<group>";
		};
		565D68072263D06F0046D326 /* Fonts */ = {
			isa = PBXGroup;
			children = (
				56AA4A1B2485DED300CB5FA7 /* NewYorkSmall-Black.otf */,
				56AA4A212485DED400CB5FA7 /* NewYorkSmall-BlackItalic.otf */,
				56AA4A1E2485DED300CB5FA7 /* NewYorkSmall-Bold.otf */,
				56AA4A1C2485DED300CB5FA7 /* NewYorkSmall-BoldItalic.otf */,
				56AA4A1D2485DED300CB5FA7 /* NewYorkSmall-Heavy.otf */,
				56AA4A1A2485DED300CB5FA7 /* NewYorkSmall-HeavyItalic.otf */,
				56AA4A202485DED400CB5FA7 /* NewYorkSmall-Medium.otf */,
				56AA4A162485DED300CB5FA7 /* NewYorkSmall-MediumItalic.otf */,
				56AA4A172485DED300CB5FA7 /* NewYorkSmall-Regular.otf */,
				56AA4A1F2485DED400CB5FA7 /* NewYorkSmall-RegularItalic.otf */,
				56AA4A182485DED300CB5FA7 /* NewYorkSmall-Semibold.otf */,
				56AA4A192485DED300CB5FA7 /* NewYorkSmall-SemiboldItalic.otf */,
				565D684222640B460046D326 /* FontAwesome5_Brands.ttf */,
				565D684122640B460046D326 /* FontAwesome5_Regular.ttf */,
				565D684322640B460046D326 /* FontAwesome5_Solid.ttf */,
				565D680E2263D0890046D326 /* Merriweather-Black.ttf */,
				565D68092263D0890046D326 /* Merriweather-BlackItalic.ttf */,
				565D680A2263D0890046D326 /* Merriweather-Bold.ttf */,
				565D68082263D0890046D326 /* Merriweather-BoldItalic.ttf */,
				565D680D2263D0890046D326 /* Merriweather-Italic.ttf */,
				565D680C2263D0890046D326 /* Merriweather-Light.ttf */,
				565D680F2263D0890046D326 /* Merriweather-LightItalic.ttf */,
				565D680B2263D0890046D326 /* Merriweather-Regular.ttf */,
			);
			path = Fonts;
			sourceTree = "<group>";
		};
		565D6847226412220046D326 /* Resources */ = {
			isa = PBXGroup;
			children = (
				565D681E2263DFF40046D326 /* Extensions.swift */,
				565D68032263BF850046D326 /* Recipe.swift */,
				565D68222263EAD60046D326 /* Category.swift */,
			);
			path = Resources;
			sourceTree = "<group>";
		};
/* End PBXGroup section */

/* Begin PBXNativeTarget section */
		565D67DF2263BEA60046D326 /* RandomRecipe */ = {
			isa = PBXNativeTarget;
			buildConfigurationList = 565D67FD2263BEA70046D326 /* Build configuration list for PBXNativeTarget "RandomRecipe" */;
			buildPhases = (
				565D67DC2263BEA60046D326 /* Sources */,
				565D67DD2263BEA60046D326 /* Frameworks */,
				565D67DE2263BEA60046D326 /* Resources */,
				566EBA9D248B1F13007BDAB8 /* Embed Frameworks */,
			);
			buildRules = (
			);
			dependencies = (
			);
			name = RandomRecipe;
			productName = RandomRecipe;
			productReference = 565D67E02263BEA60046D326 /* Food.app */;
			productType = "com.apple.product-type.application";
		};
		565D67F32263BEA70046D326 /* RandomRecipeTests */ = {
			isa = PBXNativeTarget;
			buildConfigurationList = 565D68002263BEA70046D326 /* Build configuration list for PBXNativeTarget "RandomRecipeTests" */;
			buildPhases = (
				565D67F02263BEA70046D326 /* Sources */,
				565D67F12263BEA70046D326 /* Frameworks */,
				565D67F22263BEA70046D326 /* Resources */,
			);
			buildRules = (
			);
			dependencies = (
				565D67F62263BEA70046D326 /* PBXTargetDependency */,
			);
			name = RandomRecipeTests;
			productName = RandomRecipeTests;
			productReference = 565D67F42263BEA70046D326 /* RandomRecipeTests.xctest */;
			productType = "com.apple.product-type.bundle.unit-test";
		};
/* End PBXNativeTarget section */

/* Begin PBXProject section */
		565D67D82263BEA60046D326 /* Project object */ = {
			isa = PBXProject;
			attributes = {
				LastSwiftUpdateCheck = 1010;
				LastUpgradeCheck = 1010;
				ORGANIZATIONNAME = "Omar Abbasi";
				TargetAttributes = {
					565D67DF2263BEA60046D326 = {
						CreatedOnToolsVersion = 10.1;
					};
					565D67F32263BEA70046D326 = {
						CreatedOnToolsVersion = 10.1;
						TestTargetID = 565D67DF2263BEA60046D326;
					};
				};
			};
			buildConfigurationList = 565D67DB2263BEA60046D326 /* Build configuration list for PBXProject "RandomRecipe" */;
			compatibilityVersion = "Xcode 9.3";
			developmentRegion = en;
			hasScannedForEncodings = 0;
			knownRegions = (
				en,
				Base,
			);
			mainGroup = 565D67D72263BEA60046D326;
			productRefGroup = 565D67E12263BEA60046D326 /* Products */;
			projectDirPath = "";
			projectRoot = "";
			targets = (
				565D67DF2263BEA60046D326 /* RandomRecipe */,
				565D67F32263BEA70046D326 /* RandomRecipeTests */,
			);
		};
/* End PBXProject section */

/* Begin PBXResourcesBuildPhase section */
		565D67DE2263BEA60046D326 /* Resources */ = {
			isa = PBXResourcesBuildPhase;
			buildActionMask = 2147483647;
			files = (
				56AA4A222485DED400CB5FA7 /* NewYorkSmall-MediumItalic.otf in Resources */,
				565D68122263D0890046D326 /* Merriweather-Bold.ttf in Resources */,
				56AA4A2B2485DED400CB5FA7 /* NewYorkSmall-RegularItalic.otf in Resources */,
				56AA4A2A2485DED400CB5FA7 /* NewYorkSmall-Bold.otf in Resources */,
				56AA4A252485DED400CB5FA7 /* NewYorkSmall-SemiboldItalic.otf in Resources */,
				56AA4A242485DED400CB5FA7 /* NewYorkSmall-Semibold.otf in Resources */,
				56AA4A2C2485DED400CB5FA7 /* NewYorkSmall-Medium.otf in Resources */,
				56AA4A282485DED400CB5FA7 /* NewYorkSmall-BoldItalic.otf in Resources */,
				565D68162263D0890046D326 /* Merriweather-Black.ttf in Resources */,
				56AA4A292485DED400CB5FA7 /* NewYorkSmall-Heavy.otf in Resources */,
				565D67EE2263BEA70046D326 /* LaunchScreen.storyboard in Resources */,
				565D68112263D0890046D326 /* Merriweather-BlackItalic.ttf in Resources */,
				565D67EB2263BEA70046D326 /* Assets.xcassets in Resources */,
				56AA4A272485DED400CB5FA7 /* NewYorkSmall-Black.otf in Resources */,
				565D68152263D0890046D326 /* Merriweather-Italic.ttf in Resources */,
				565D68132263D0890046D326 /* Merriweather-Regular.ttf in Resources */,
				565D684522640B470046D326 /* FontAwesome5_Brands.ttf in Resources */,
				56AA4A232485DED400CB5FA7 /* NewYorkSmall-Regular.otf in Resources */,
				565D68172263D0890046D326 /* Merriweather-LightItalic.ttf in Resources */,
				565D68102263D0890046D326 /* Merriweather-BoldItalic.ttf in Resources */,
				565D684422640B470046D326 /* FontAwesome5_Regular.ttf in Resources */,
				565D68142263D0890046D326 /* Merriweather-Light.ttf in Resources */,
				565D67E92263BEA60046D326 /* Main.storyboard in Resources */,
				565D684622640B470046D326 /* FontAwesome5_Solid.ttf in Resources */,
				56AA4A262485DED400CB5FA7 /* NewYorkSmall-HeavyItalic.otf in Resources */,
				56AA4A2D2485DED400CB5FA7 /* NewYorkSmall-BlackItalic.otf in Resources */,
			);
			runOnlyForDeploymentPostprocessing = 0;
		};
		565D67F22263BEA70046D326 /* Resources */ = {
			isa = PBXResourcesBuildPhase;
			buildActionMask = 2147483647;
			files = (
			);
			runOnlyForDeploymentPostprocessing = 0;
		};
/* End PBXResourcesBuildPhase section */

/* Begin PBXSourcesBuildPhase section */
		565D67DC2263BEA60046D326 /* Sources */ = {
			isa = PBXSourcesBuildPhase;
			buildActionMask = 2147483647;
			files = (
				565D681F2263DFF50046D326 /* Extensions.swift in Sources */,
				565D6849226413360046D326 /* RecipesListController.swift in Sources */,
				565D68042263BF850046D326 /* Recipe.swift in Sources */,
				565D684D2264CF7E0046D326 /* CategoriesListController.swift in Sources */,
				565D67E62263BEA60046D326 /* RecipeDetailController.swift in Sources */,
				565D67E42263BEA60046D326 /* AppDelegate.swift in Sources */,
				565D68062263C7430046D326 /* SwiftyJSON.swift in Sources */,
				565D68232263EAD60046D326 /* Category.swift in Sources */,
			);
			runOnlyForDeploymentPostprocessing = 0;
		};
		565D67F02263BEA70046D326 /* Sources */ = {
			isa = PBXSourcesBuildPhase;
			buildActionMask = 2147483647;
			files = (
				565D67F92263BEA70046D326 /* RandomRecipeTests.swift in Sources */,
			);
			runOnlyForDeploymentPostprocessing = 0;
		};
/* End PBXSourcesBuildPhase section */

/* Begin PBXTargetDependency section */
		565D67F62263BEA70046D326 /* PBXTargetDependency */ = {
			isa = PBXTargetDependency;
			target = 565D67DF2263BEA60046D326 /* RandomRecipe */;
			targetProxy = 565D67F52263BEA70046D326 /* PBXContainerItemProxy */;
		};
/* End PBXTargetDependency section */

/* Begin PBXVariantGroup section */
		565D67E72263BEA60046D326 /* Main.storyboard */ = {
			isa = PBXVariantGroup;
			children = (
				565D67E82263BEA60046D326 /* Base */,
			);
			name = Main.storyboard;
			sourceTree = "<group>";
		};
		565D67EC2263BEA70046D326 /* LaunchScreen.storyboard */ = {
			isa = PBXVariantGroup;
			children = (
				565D67ED2263BEA70046D326 /* Base */,
			);
			name = LaunchScreen.storyboard;
			sourceTree = "<group>";
		};
/* End PBXVariantGroup section */

/* Begin XCBuildConfiguration section */
		565D67FB2263BEA70046D326 /* Debug */ = {
			isa = XCBuildConfiguration;
			buildSettings = {
				ALWAYS_SEARCH_USER_PATHS = NO;
				CLANG_ANALYZER_NONNULL = YES;
				CLANG_ANALYZER_NUMBER_OBJECT_CONVERSION = YES_AGGRESSIVE;
				CLANG_CXX_LANGUAGE_STANDARD = "gnu++14";
				CLANG_CXX_LIBRARY = "libc++";
				CLANG_ENABLE_MODULES = YES;
				CLANG_ENABLE_OBJC_ARC = YES;
				CLANG_ENABLE_OBJC_WEAK = YES;
				CLANG_WARN_BLOCK_CAPTURE_AUTORELEASING = YES;
				CLANG_WARN_BOOL_CONVERSION = YES;
				CLANG_WARN_COMMA = YES;
				CLANG_WARN_CONSTANT_CONVERSION = YES;
				CLANG_WARN_DEPRECATED_OBJC_IMPLEMENTATIONS = YES;
				CLANG_WARN_DIRECT_OBJC_ISA_USAGE = YES_ERROR;
				CLANG_WARN_DOCUMENTATION_COMMENTS = YES;
				CLANG_WARN_EMPTY_BODY = YES;
				CLANG_WARN_ENUM_CONVERSION = YES;
				CLANG_WARN_INFINITE_RECURSION = YES;
				CLANG_WARN_INT_CONVERSION = YES;
				CLANG_WARN_NON_LITERAL_NULL_CONVERSION = YES;
				CLANG_WARN_OBJC_IMPLICIT_RETAIN_SELF = YES;
				CLANG_WARN_OBJC_LITERAL_CONVERSION = YES;
				CLANG_WARN_OBJC_ROOT_CLASS = YES_ERROR;
				CLANG_WARN_RANGE_LOOP_ANALYSIS = YES;
				CLANG_WARN_STRICT_PROTOTYPES = YES;
				CLANG_WARN_SUSPICIOUS_MOVE = YES;
				CLANG_WARN_UNGUARDED_AVAILABILITY = YES_AGGRESSIVE;
				CLANG_WARN_UNREACHABLE_CODE = YES;
				CLANG_WARN__DUPLICATE_METHOD_MATCH = YES;
				CODE_SIGN_IDENTITY = "iPhone Developer";
				COPY_PHASE_STRIP = NO;
				DEBUG_INFORMATION_FORMAT = dwarf;
				ENABLE_STRICT_OBJC_MSGSEND = YES;
				ENABLE_TESTABILITY = YES;
				GCC_C_LANGUAGE_STANDARD = gnu11;
				GCC_DYNAMIC_NO_PIC = NO;
				GCC_NO_COMMON_BLOCKS = YES;
				GCC_OPTIMIZATION_LEVEL = 0;
				GCC_PREPROCESSOR_DEFINITIONS = (
					"DEBUG=1",
					"$(inherited)",
				);
				GCC_WARN_64_TO_32_BIT_CONVERSION = YES;
				GCC_WARN_ABOUT_RETURN_TYPE = YES_ERROR;
				GCC_WARN_UNDECLARED_SELECTOR = YES;
				GCC_WARN_UNINITIALIZED_AUTOS = YES_AGGRESSIVE;
				GCC_WARN_UNUSED_FUNCTION = YES;
				GCC_WARN_UNUSED_VARIABLE = YES;
				IPHONEOS_DEPLOYMENT_TARGET = 12.1;
				MTL_ENABLE_DEBUG_INFO = INCLUDE_SOURCE;
				MTL_FAST_MATH = YES;
				ONLY_ACTIVE_ARCH = YES;
				SDKROOT = iphoneos;
				SWIFT_ACTIVE_COMPILATION_CONDITIONS = DEBUG;
				SWIFT_OPTIMIZATION_LEVEL = "-Onone";
			};
			name = Debug;
		};
		565D67FC2263BEA70046D326 /* Release */ = {
			isa = XCBuildConfiguration;
			buildSettings = {
				ALWAYS_SEARCH_USER_PATHS = NO;
				CLANG_ANALYZER_NONNULL = YES;
				CLANG_ANALYZER_NUMBER_OBJECT_CONVERSION = YES_AGGRESSIVE;
				CLANG_CXX_LANGUAGE_STANDARD = "gnu++14";
				CLANG_CXX_LIBRARY = "libc++";
				CLANG_ENABLE_MODULES = YES;
				CLANG_ENABLE_OBJC_ARC = YES;
				CLANG_ENABLE_OBJC_WEAK = YES;
				CLANG_WARN_BLOCK_CAPTURE_AUTORELEASING = YES;
				CLANG_WARN_BOOL_CONVERSION = YES;
				CLANG_WARN_COMMA = YES;
				CLANG_WARN_CONSTANT_CONVERSION = YES;
				CLANG_WARN_DEPRECATED_OBJC_IMPLEMENTATIONS = YES;
				CLANG_WARN_DIRECT_OBJC_ISA_USAGE = YES_ERROR;
				CLANG_WARN_DOCUMENTATION_COMMENTS = YES;
				CLANG_WARN_EMPTY_BODY = YES;
				CLANG_WARN_ENUM_CONVERSION = YES;
				CLANG_WARN_INFINITE_RECURSION = YES;
				CLANG_WARN_INT_CONVERSION = YES;
				CLANG_WARN_NON_LITERAL_NULL_CONVERSION = YES;
				CLANG_WARN_OBJC_IMPLICIT_RETAIN_SELF = YES;
				CLANG_WARN_OBJC_LITERAL_CONVERSION = YES;
				CLANG_WARN_OBJC_ROOT_CLASS = YES_ERROR;
				CLANG_WARN_RANGE_LOOP_ANALYSIS = YES;
				CLANG_WARN_STRICT_PROTOTYPES = YES;
				CLANG_WARN_SUSPICIOUS_MOVE = YES;
				CLANG_WARN_UNGUARDED_AVAILABILITY = YES_AGGRESSIVE;
				CLANG_WARN_UNREACHABLE_CODE = YES;
				CLANG_WARN__DUPLICATE_METHOD_MATCH = YES;
				CODE_SIGN_IDENTITY = "iPhone Developer";
				COPY_PHASE_STRIP = NO;
				DEBUG_INFORMATION_FORMAT = "dwarf-with-dsym";
				ENABLE_NS_ASSERTIONS = NO;
				ENABLE_STRICT_OBJC_MSGSEND = YES;
				GCC_C_LANGUAGE_STANDARD = gnu11;
				GCC_NO_COMMON_BLOCKS = YES;
				GCC_WARN_64_TO_32_BIT_CONVERSION = YES;
				GCC_WARN_ABOUT_RETURN_TYPE = YES_ERROR;
				GCC_WARN_UNDECLARED_SELECTOR = YES;
				GCC_WARN_UNINITIALIZED_AUTOS = YES_AGGRESSIVE;
				GCC_WARN_UNUSED_FUNCTION = YES;
				GCC_WARN_UNUSED_VARIABLE = YES;
				IPHONEOS_DEPLOYMENT_TARGET = 12.1;
				MTL_ENABLE_DEBUG_INFO = NO;
				MTL_FAST_MATH = YES;
				SDKROOT = iphoneos;
				SWIFT_COMPILATION_MODE = wholemodule;
				SWIFT_OPTIMIZATION_LEVEL = "-O";
				VALIDATE_PRODUCT = YES;
			};
			name = Release;
		};
		565D67FE2263BEA70046D326 /* Debug */ = {
			isa = XCBuildConfiguration;
			buildSettings = {
				ASSETCATALOG_COMPILER_APPICON_NAME = AppIcon;
				CODE_SIGN_STYLE = Automatic;
				DEVELOPMENT_ASSET_PATHS = "";
				DEVELOPMENT_TEAM = 7CSTNGA4CB;
				FRAMEWORK_SEARCH_PATHS = (
					"$(inherited)",
					"$(PROJECT_DIR)/RandomRecipe/SDWebImage/Products/Library/Frameworks",
				);
				INFOPLIST_FILE = RandomRecipe/Info.plist;
				IPHONEOS_DEPLOYMENT_TARGET = 13.0;
				LD_RUNPATH_SEARCH_PATHS = (
					"$(inherited)",
					"@executable_path/Frameworks",
				);
				LIBRARY_SEARCH_PATHS = (
					"$(inherited)",
					"$(PROJECT_DIR)/RandomRecipe/SDWebImag/Products/usr/local/lib",
					"$(PROJECT_DIR)/RandomRecipe/SDWebImage\\ static/Products/usr/local/lib",
				);
				MARKETING_VERSION = 1;
				OTHER_LDFLAGS = "$(inherited)";
				PRODUCT_BUNDLE_IDENTIFIER = com.omarabbasi.food;
				PRODUCT_NAME = Food;
				SWIFT_VERSION = 4.2;
				TARGETED_DEVICE_FAMILY = 1;
			};
			name = Debug;
		};
		565D67FF2263BEA70046D326 /* Release */ = {
			isa = XCBuildConfiguration;
			buildSettings = {
				ASSETCATALOG_COMPILER_APPICON_NAME = AppIcon;
				CODE_SIGN_STYLE = Automatic;
				DEVELOPMENT_ASSET_PATHS = "";
				DEVELOPMENT_TEAM = 7CSTNGA4CB;
				FRAMEWORK_SEARCH_PATHS = (
					"$(inherited)",
					"$(PROJECT_DIR)/RandomRecipe/SDWebImage/Products/Library/Frameworks",
				);
				INFOPLIST_FILE = RandomRecipe/Info.plist;
				IPHONEOS_DEPLOYMENT_TARGET = 13.0;
				LD_RUNPATH_SEARCH_PATHS = (
					"$(inherited)",
					"@executable_path/Frameworks",
				);
				LIBRARY_SEARCH_PATHS = (
					"$(inherited)",
					"$(PROJECT_DIR)/RandomRecipe/SDWebImag/Products/usr/local/lib",
					"$(PROJECT_DIR)/RandomRecipe/SDWebImage\\ static/Products/usr/local/lib",
				);
				MARKETING_VERSION = 1;
				OTHER_LDFLAGS = "$(inherited)";
				PRODUCT_BUNDLE_IDENTIFIER = com.omarabbasi.food;
				PRODUCT_NAME = Food;
				SWIFT_VERSION = 4.2;
				TARGETED_DEVICE_FAMILY = 1;
			};
			name = Release;
		};
		565D68012263BEA70046D326 /* Debug */ = {
			isa = XCBuildConfiguration;
			buildSettings = {
				ALWAYS_EMBED_SWIFT_STANDARD_LIBRARIES = YES;
				BUNDLE_LOADER = "$(TEST_HOST)";
				CODE_SIGN_STYLE = Automatic;
				DEVELOPMENT_TEAM = AEA87WCYYX;
				INFOPLIST_FILE = RandomRecipeTests/Info.plist;
				LD_RUNPATH_SEARCH_PATHS = (
					"$(inherited)",
					"@executable_path/Frameworks",
					"@loader_path/Frameworks",
				);
				PRODUCT_BUNDLE_IDENTIFIER = com.omarabbasi.RandomRecipeTests;
				PRODUCT_NAME = "$(TARGET_NAME)";
				SWIFT_VERSION = 4.2;
				TARGETED_DEVICE_FAMILY = "1,2";
				TEST_HOST = "$(BUILT_PRODUCTS_DIR)/RandomRecipe.app/RandomRecipe";
			};
			name = Debug;
		};
		565D68022263BEA70046D326 /* Release */ = {
			isa = XCBuildConfiguration;
			buildSettings = {
				ALWAYS_EMBED_SWIFT_STANDARD_LIBRARIES = YES;
				BUNDLE_LOADER = "$(TEST_HOST)";
				CODE_SIGN_STYLE = Automatic;
				DEVELOPMENT_TEAM = AEA87WCYYX;
				INFOPLIST_FILE = RandomRecipeTests/Info.plist;
				LD_RUNPATH_SEARCH_PATHS = (
					"$(inherited)",
					"@executable_path/Frameworks",
					"@loader_path/Frameworks",
				);
				PRODUCT_BUNDLE_IDENTIFIER = com.omarabbasi.RandomRecipeTests;
				PRODUCT_NAME = "$(TARGET_NAME)";
				SWIFT_VERSION = 4.2;
				TARGETED_DEVICE_FAMILY = "1,2";
				TEST_HOST = "$(BUILT_PRODUCTS_DIR)/RandomRecipe.app/RandomRecipe";
			};
			name = Release;
		};
/* End XCBuildConfiguration section */

/* Begin XCConfigurationList section */
		565D67DB2263BEA60046D326 /* Build configuration list for PBXProject "RandomRecipe" */ = {
			isa = XCConfigurationList;
			buildConfigurations = (
				565D67FB2263BEA70046D326 /* Debug */,
				565D67FC2263BEA70046D326 /* Release */,
			);
			defaultConfigurationIsVisible = 0;
			defaultConfigurationName = Release;
		};
		565D67FD2263BEA70046D326 /* Build configuration list for PBXNativeTarget "RandomRecipe" */ = {
			isa = XCConfigurationList;
			buildConfigurations = (
				565D67FE2263BEA70046D326 /* Debug */,
				565D67FF2263BEA70046D326 /* Release */,
			);
			defaultConfigurationIsVisible = 0;
			defaultConfigurationName = Release;
		};
		565D68002263BEA70046D326 /* Build configuration list for PBXNativeTarget "RandomRecipeTests" */ = {
			isa = XCConfigurationList;
			buildConfigurations = (
				565D68012263BEA70046D326 /* Debug */,
				565D68022263BEA70046D326 /* Release */,
			);
			defaultConfigurationIsVisible = 0;
			defaultConfigurationName = Release;
		};
/* End XCConfigurationList section */
	};
	rootObject = 565D67D82263BEA60046D326 /* Project object */;
}
